#MicroXplorer Configuration settings - do not modify
ADC1.Channel-0\#ChannelRegularConversion=ADC_CHANNEL_1
ADC1.IPParameters=Rank-0\#ChannelRegularConversion,Channel-0\#ChannelRegularConversion,SamplingTime-0\#ChannelRegularConversion,OffsetNumber-0\#ChannelRegularConversion,MonitoredBy-0\#ChannelRegularConversion,NbrOfConversionFlag,master
ADC1.MonitoredBy-0\#ChannelRegularConversion=__NULL
ADC1.NbrOfConversionFlag=1
ADC1.OffsetNumber-0\#ChannelRegularConversion=ADC_OFFSET_NONE
ADC1.Rank-0\#ChannelRegularConversion=1
ADC1.SamplingTime-0\#ChannelRegularConversion=ADC_SAMPLETIME_2CYCLES_5
ADC1.master=1
BOOTPATH.BootPathName=LEGACY
BOOTPATH.IPParameters=BootPathName
BOOTPATH.UserSelectedBootPath=LEGACY
CAD.formats=
CAD.pinconfig=
CAD.provider=
CORTEX_M33_NS.AccessPermission-Cortex_Memory_Protection_Unit_Region0_Settings=MPU_REGION_ALL_RW
CORTEX_M33_NS.BaseAddress-Cortex_Memory_Protection_Unit_Region0_Settings=0x08FFF800
CORTEX_M33_NS.CacheableAttribute-Cortex_Memory_Protection_Unit_Region0_Settings=MPU_NOT_CACHEABLE
CORTEX_M33_NS.DisableExec-Cortex_Memory_Protection_Unit_Region0_Settings=MPU_INSTRUCTION_ACCESS_DISABLE
CORTEX_M33_NS.Enable-Cortex_Memory_Protection_Unit_Region0_Settings=MPU_REGION_ENABLE
CORTEX_M33_NS.IPParameters=MPU_Control,Enable-Cortex_Memory_Protection_Unit_Region0_Settings,BaseAddress-Cortex_Memory_Protection_Unit_Region0_Settings,LimitAddress-Cortex_Memory_Protection_Unit_Region0_Settings,AccessPermission-Cortex_Memory_Protection_Unit_Region0_Settings,DisableExec-Cortex_Memory_Protection_Unit_Region0_Settings,CacheableAttribute-Cortex_Memory_Protection_Unit_Region0_Settings
CORTEX_M33_NS.LimitAddress-Cortex_Memory_Protection_Unit_Region0_Settings=0x08FFFFFF
CORTEX_M33_NS.MPU_Control=MPU_PRIVILEGED_DEFAULT
CORTEX_M33_NS.userName=CORTEX_M33
FDCAN1.CalculateBaudRateNominal=333333
FDCAN1.CalculateTimeBitNominal=3000
FDCAN1.CalculateTimeQuantumNominal=1000.0
FDCAN1.IPParameters=CalculateTimeQuantumNominal,CalculateTimeBitNominal,CalculateBaudRateNominal
FMC.AddressSetupTime1=10
FMC.BusTurnAroundDuration1=4
FMC.DataHoldTime1=2
FMC.DataSetupTime1=7
FMC.ExtendedMode1=FMC_EXTENDED_MODE_DISABLE
FMC.IPParameters=DataSetupTime1,AddressSetupTime1,BusTurnAroundDuration1,ExtendedMode1,WriteFifo1,WriteFifo2,DataHoldTime1
FMC.WriteFifo1=FMC_WRITE_FIFO_DISABLE
FMC.WriteFifo2=FMC_WRITE_FIFO_DISABLE
File.Version=6
GPDMA1.DATAHANDLING_GPDMACH5=NONE
GPDMA1.DESTDATAWIDTH_GPDMACH5=DMA_DEST_DATAWIDTH_HALFWORD
GPDMA1.DESTINC_GPDMACH0=DMA_DINC_INCREMENTED
GPDMA1.DESTINC_GPDMACH4=DMA_DINC_INCREMENTED
GPDMA1.DESTINC_GPDMACH5=DMA_DINC_INCREMENTED
GPDMA1.DIRECTION_GPDMACH3=DMA_MEMORY_TO_PERIPH
GPDMA1.IPHANDLE_GPDMACH0-SIMPLEREQUEST_GPDMACH0=__NULL
GPDMA1.IPHANDLE_GPDMACH3-SIMPLEREQUEST_GPDMACH3=__NULL
GPDMA1.IPHANDLE_GPDMACH4-SIMPLEREQUEST_GPDMACH4=__NULL
GPDMA1.IPParameters=SRCDATAWIDTH_GPDMACH5,DESTDATAWIDTH_GPDMACH5,DESTINC_GPDMACH5,SRCINC_GPDMACH5,DATAHANDLING_GPDMACH5,REQUEST_GPDMACH0,DESTINC_GPDMACH0,REQUEST_GPDMACH3,DIRECTION_GPDMACH3,PRIORITY_GPDMACH3,SRCINC_GPDMACH3,REQUEST_GPDMACH4,PRIORITY_GPDMACH4,DESTINC_GPDMACH4,IPHANDLE_GPDMACH3-SIMPLEREQUEST_GPDMACH3,IPHANDLE_GPDMACH4-SIMPLEREQUEST_GPDMACH4,IPHANDLE_GPDMACH0-SIMPLEREQUEST_GPDMACH0
GPDMA1.PRIORITY_GPDMACH3=DMA_LOW_PRIORITY_HIGH_WEIGHT
GPDMA1.PRIORITY_GPDMACH4=DMA_LOW_PRIORITY_HIGH_WEIGHT
GPDMA1.REQUEST_GPDMACH0=GPDMA1_REQUEST_SPI1_RX
GPDMA1.REQUEST_GPDMACH3=GPDMA1_REQUEST_USART2_TX
GPDMA1.REQUEST_GPDMACH4=GPDMA1_REQUEST_USART2_RX
GPDMA1.SRCDATAWIDTH_GPDMACH5=DMA_SRC_DATAWIDTH_HALFWORD
GPDMA1.SRCINC_GPDMACH3=DMA_SINC_INCREMENTED
GPDMA1.SRCINC_GPDMACH5=DMA_SINC_INCREMENTED
GPDMA2.IPParameters=PRIORITY_LL_GPDMACH6
GPDMA2.PRIORITY_LL_GPDMACH6=DMA_LOW_PRIORITY_LOW_WEIGHT
GPIO.groupedBy=Group By Peripherals
KeepUserPlacement=false
MMTAppRegionsCount=0
MMTConfigApplied=false
Mcu.CPN=STM32H562VIT6
Mcu.ContextProject=TrustZoneDisabled
Mcu.Family=STM32H5
Mcu.IP0=ADC1
Mcu.IP1=BOOTPATH
Mcu.IP10=ICACHE
Mcu.IP11=MEMORYMAP
Mcu.IP12=NVIC
Mcu.IP13=PWR
Mcu.IP14=RCC
Mcu.IP15=SPI1
Mcu.IP16=SPI2
Mcu.IP17=SPI3
Mcu.IP18=SPI6
Mcu.IP19=SYS
Mcu.IP2=CORDIC
Mcu.IP20=THREADX
Mcu.IP21=TIM1
Mcu.IP22=TIM2
Mcu.IP23=TIM3
Mcu.IP24=TIM4
Mcu.IP25=USART2
Mcu.IP26=USART10
Mcu.IP27=USB
Mcu.IP3=CORTEX_M33_NS
Mcu.IP4=CRC
Mcu.IP5=DEBUG
Mcu.IP6=FDCAN1
Mcu.IP7=FMC
Mcu.IP8=GPDMA1
Mcu.IP9=GPDMA2
Mcu.IPNb=28
Mcu.Name=STM32H562VITx
Mcu.Package=LQFP100
Mcu.Pin0=PE2
Mcu.Pin1=PE3
Mcu.Pin10=PC0
Mcu.Pin11=PC1
Mcu.Pin12=PC2
Mcu.Pin13=PC3
Mcu.Pin14=PA0
Mcu.Pin15=PA1
Mcu.Pin16=PA3
Mcu.Pin17=PA4
Mcu.Pin18=PA5
Mcu.Pin19=PA6
Mcu.Pin2=PE4
Mcu.Pin20=PA7
Mcu.Pin21=PC4
Mcu.Pin22=PC5
Mcu.Pin23=PB0
Mcu.Pin24=PB2
Mcu.Pin25=PE7
Mcu.Pin26=PE8
Mcu.Pin27=PE9
Mcu.Pin28=PE10
Mcu.Pin29=PE11
Mcu.Pin3=PE5
Mcu.Pin30=PE12
Mcu.Pin31=PE13
Mcu.Pin32=PE14
Mcu.Pin33=PE15
Mcu.Pin34=PB10
Mcu.Pin35=PB12
Mcu.Pin36=PB13
Mcu.Pin37=PB14
Mcu.Pin38=PB15
Mcu.Pin39=PD8
Mcu.Pin4=PE6
Mcu.Pin40=PD9
Mcu.Pin41=PD10
Mcu.Pin42=PD11
Mcu.Pin43=PD14
Mcu.Pin44=PD15
Mcu.Pin45=PC6
Mcu.Pin46=PC7
Mcu.Pin47=PC8
Mcu.Pin48=PC9
Mcu.Pin49=PA8
Mcu.Pin5=PC13
Mcu.Pin50=PA9
Mcu.Pin51=PA10
Mcu.Pin52=PA11
Mcu.Pin53=PA12
Mcu.Pin54=PA13(JTMS/SWDIO)
Mcu.Pin55=PA14(JTCK/SWCLK)
Mcu.Pin56=PA15(JTDI)
Mcu.Pin57=PC10
Mcu.Pin58=PC11
Mcu.Pin59=PC12
Mcu.Pin6=PC14-OSC32_IN(OSC32_IN)
Mcu.Pin60=PD0
Mcu.Pin61=PD1
Mcu.Pin62=PD2
Mcu.Pin63=PD3
Mcu.Pin64=PD4
Mcu.Pin65=PD5
Mcu.Pin66=PD6
Mcu.Pin67=PD7
Mcu.Pin68=PB3(JTDO/TRACESWO)
Mcu.Pin69=PB4(NJTRST)
Mcu.Pin7=PC15-OSC32_OUT(OSC32_OUT)
Mcu.Pin70=PB5
Mcu.Pin71=PB6
Mcu.Pin72=PB7
Mcu.Pin73=PB8
Mcu.Pin74=PE0
Mcu.Pin75=VP_CORDIC_VS_CORDIC
Mcu.Pin76=VP_CORTEX_M33_NS_VS_Hclk
Mcu.Pin77=VP_CRC_VS_CRC
Mcu.Pin78=VP_GPDMA1_VS_GPDMACH0
Mcu.Pin79=VP_GPDMA1_VS_GPDMACH1
Mcu.Pin8=PH0-OSC_IN(PH0)
Mcu.Pin80=VP_GPDMA1_VS_GPDMACH3
Mcu.Pin81=VP_GPDMA1_VS_GPDMACH4
Mcu.Pin82=VP_GPDMA1_VS_GPDMACH5
Mcu.Pin83=VP_GPDMA2_VS_GPDMACH6
Mcu.Pin84=VP_ICACHE_VS_ICACHE
Mcu.Pin85=VP_PWR_VS_SECSignals
Mcu.Pin86=VP_PWR_VS_LPOM
Mcu.Pin87=VP_PWR_VS_DBSignals
Mcu.Pin88=VP_RCC_USB
Mcu.Pin89=VP_SYS_VS_tim6
Mcu.Pin9=PH1-OSC_OUT(PH1)
Mcu.Pin90=VP_THREADX_VS_RTOSJjThreadXJjCoreJjDefault
Mcu.Pin91=VP_TIM3_VS_ClockSourceINT
Mcu.Pin92=VP_TIM4_VS_ClockSourceINT
Mcu.Pin93=VP_BOOTPATH_VS_BOOTPATH
Mcu.Pin94=VP_MEMORYMAP_VS_MEMORYMAP
Mcu.Pin95=VP_STMicroelectronics.X-CUBE-TOUCHGFX_VS_GraphicsJjApplication_4.22.1
Mcu.PinsNb=96
Mcu.ThirdParty0=STMicroelectronics.X-CUBE-FREERTOS.1.1.0
Mcu.ThirdParty1=STMicroelectronics.X-CUBE-TOUCHGFX.4.22.1
Mcu.ThirdPartyNb=2
Mcu.UserConstants=
Mcu.UserName=STM32H562VITx
MxCube.Version=6.11.0
MxDb.Version=DB.6.0.110
NVIC.BusFault_IRQn=true\:0\:0\:false\:false\:true\:false\:false\:false\:false
NVIC.DebugMonitor_IRQn=true\:0\:0\:false\:false\:true\:false\:false\:false\:false
NVIC.ForceEnableDMAVector=true
NVIC.GPDMA1_Channel0_IRQn=true\:1\:0\:true\:false\:true\:true\:true\:true\:true
NVIC.GPDMA1_Channel3_IRQn=true\:1\:0\:true\:false\:true\:true\:false\:true\:true
NVIC.GPDMA1_Channel4_IRQn=true\:1\:0\:true\:false\:true\:true\:false\:true\:true
NVIC.GPDMA1_Channel5_IRQn=true\:1\:0\:true\:false\:true\:false\:true\:true\:true
NVIC.GPDMA2_Channel6_IRQn=true\:5\:0\:true\:false\:true\:false\:true\:true\:true
NVIC.HardFault_IRQn=true\:0\:0\:false\:false\:true\:false\:false\:false\:false
NVIC.MemoryManagement_IRQn=true\:0\:0\:false\:false\:true\:false\:false\:false\:false
NVIC.NonMaskableInt_IRQn=true\:0\:0\:false\:false\:true\:false\:false\:false\:false
NVIC.PendSV_IRQn=true\:0\:0\:false\:false\:false\:false\:false\:false\:false
NVIC.PriorityGroup=NVIC_PRIORITYGROUP_4
NVIC.SPI1_IRQn=true\:1\:0\:true\:false\:true\:false\:true\:true\:true
NVIC.SVCall_IRQn=true\:0\:0\:false\:false\:false\:false\:false\:false\:false
NVIC.SavedPendsvIrqHandlerGenerated=true
NVIC.SavedSvcallIrqHandlerGenerated=true
NVIC.SavedSystickIrqHandlerGenerated=true
NVIC.SysTick_IRQn=true\:0\:0\:false\:false\:false\:false\:false\:true\:false
NVIC.TIM3_IRQn=true\:0\:0\:true\:false\:true\:false\:true\:true\:true
NVIC.TIM6_IRQn=true\:15\:0\:false\:false\:true\:false\:false\:true\:true
NVIC.TimeBase=TIM6_IRQn
NVIC.TimeBaseIP=TIM6
NVIC.USART2_IRQn=true\:5\:0\:true\:false\:true\:false\:true\:true\:true
NVIC.USB_DRD_FS_IRQn=true\:1\:0\:true\:false\:true\:false\:true\:true\:true
NVIC.UsageFault_IRQn=true\:0\:0\:false\:false\:true\:false\:false\:false\:false
PA0.GPIOParameters=GPIO_Label
PA0.GPIO_Label=STOP_BUTTON
PA0.Locked=true
PA0.Signal=GPIO_Output
PA1.GPIOParameters=GPIO_Label
PA1.GPIO_Label=PTC100
PA1.Signal=ADCx_INP1
PA10.GPIOParameters=GPIO_Label
PA10.GPIO_Label=PWM_INA
PA10.Locked=true
PA10.Signal=S_TIM1_CH3
PA11.GPIOParameters=GPIO_Label
PA11.GPIO_Label=USB_N
PA11.Locked=true
PA11.Mode=Device
PA11.Signal=USB_DM
PA12.GPIOParameters=GPIO_Label
PA12.GPIO_Label=USB_P
PA12.Locked=true
PA12.Mode=Device
PA12.Signal=USB_DP
PA13(JTMS/SWDIO).Mode=Trace_Asynchronous_SW
PA13(JTMS/SWDIO).Signal=DEBUG_JTMS-SWDIO
PA14(JTCK/SWCLK).Mode=Trace_Asynchronous_SW
PA14(JTCK/SWCLK).Signal=DEBUG_JTCK-SWCLK
PA15(JTDI).GPIOParameters=GPIO_Label
PA15(JTDI).GPIO_Label=DAC_SPI_CS_ANAKART
PA15(JTDI).Locked=true
PA15(JTDI).Signal=GPIO_Output
PA3.GPIOParameters=GPIO_Label
PA3.GPIO_Label=ADC_SPI_CS
PA3.Signal=GPIO_Output
PA4.GPIOParameters=GPIO_Label
PA4.GPIO_Label=FRAM_CS
PA4.Locked=true
PA4.Signal=GPIO_Output
PA5.GPIOParameters=GPIO_Label
PA5.GPIO_Label=FRAM_SCK
PA5.Locked=true
PA5.Mode=Full_Duplex_Master
PA5.Signal=SPI1_SCK
PA6.GPIOParameters=GPIO_Label
PA6.GPIO_Label=FRAM_MISO
PA6.Locked=true
PA6.Mode=Full_Duplex_Master
PA6.Signal=SPI1_MISO
PA7.GPIOParameters=GPIO_Label
PA7.GPIO_Label=FRAM_MOSI
PA7.Locked=true
PA7.Mode=Full_Duplex_Master
PA7.Signal=SPI1_MOSI
PA8.Locked=true
PA8.Signal=FMC_NOE
PA9.Locked=true
PA9.Signal=FMC_NWE
PB0.GPIOParameters=GPIO_PuPd,GPIO_Label
PB0.GPIO_Label=ENTER_BUTTON
PB0.GPIO_PuPd=GPIO_PULLDOWN
PB0.Locked=true
PB0.Signal=GPIO_Input
PB10.GPIOParameters=GPIO_Label
PB10.GPIO_Label=TFT_BL_PWM
PB10.Locked=true
PB10.Signal=S_TIM2_CH3
PB12.GPIOParameters=GPIO_Label
PB12.GPIO_Label=DAC_SPI_CS_YEDEKKART
PB12.Locked=true
PB12.Signal=GPIO_Output
PB13.GPIOParameters=GPIO_Label
PB13.GPIO_Label=ADC_SPI_SCK
PB13.Mode=Full_Duplex_Master
PB13.Signal=SPI2_SCK
PB14.GPIOParameters=GPIO_Label
PB14.GPIO_Label=ADC_SPI_MISO
PB14.Mode=Full_Duplex_Master
PB14.Signal=SPI2_MISO
PB15.GPIOParameters=GPIO_Label
PB15.GPIO_Label=ALL_BUTTON
PB15.Locked=true
PB15.Signal=GPIO_Input
PB2.GPIOParameters=GPIO_Label
PB2.GPIO_Label=DAC_SPI_MOSI
PB2.Mode=Full_Duplex_Master
PB2.Signal=SPI3_MOSI
PB3(JTDO/TRACESWO).Locked=true
PB3(JTDO/TRACESWO).Mode=Trace_Asynchronous_SW
PB3(JTDO/TRACESWO).Signal=DEBUG_JTDO-SWO
PB4(NJTRST).GPIOParameters=GPIO_Label
PB4(NJTRST).GPIO_Label=FMC_RESET
PB4(NJTRST).Locked=true
PB4(NJTRST).Signal=GPIO_Output
PB5.GPIOParameters=GPIO_Label
PB5.GPIO_Label=Shift_REG_MOSI
PB5.Mode=Simplex_Bidirectional_Master
PB5.Signal=SPI6_MOSI
PB6.GPIOParameters=GPIO_PuPd,GPIO_Label
PB6.GPIO_Label=START_BUTTON
PB6.GPIO_PuPd=GPIO_PULLDOWN
PB6.Locked=true
PB6.Signal=GPIO_Input
PB7.Locked=true
PB7.Mode=FDCAN_Activate
PB7.Signal=FDCAN1_TX
PB8.Locked=true
PB8.Mode=FDCAN_Activate
PB8.Signal=FDCAN1_RX
PC0.GPIOParameters=GPIO_Label
PC0.GPIO_Label=V_Giris_Adc
PC0.Signal=ADCx_INP10
PC1.GPIOParameters=GPIO_Label
PC1.GPIO_Label=Vsensor1_Adc
PC1.Signal=ADCx_INP11
PC10.GPIOParameters=GPIO_Label
PC10.GPIO_Label=DAC_SPI_SCK
PC10.Mode=Full_Duplex_Master
PC10.Signal=SPI3_SCK
PC11.GPIOParameters=GPIO_Label
PC11.GPIO_Label=DAC_SPI_MISO
PC11.Mode=Full_Duplex_Master
PC11.Signal=SPI3_MISO
PC12.GPIOParameters=GPIO_Label
PC12.GPIO_Label=Shift_REG_SCK
PC12.Mode=Simplex_Bidirectional_Master
PC12.Signal=SPI6_SCK
PC13.GPIOParameters=GPIO_Label
PC13.GPIO_Label=Shift_REG_CS
PC13.Locked=true
PC13.Signal=GPIO_Output
PC14-OSC32_IN(OSC32_IN).Mode=LSE-External-Oscillator
PC14-OSC32_IN(OSC32_IN).Signal=RCC_OSC32_IN
PC15-OSC32_OUT(OSC32_OUT).Mode=LSE-External-Oscillator
PC15-OSC32_OUT(OSC32_OUT).Signal=RCC_OSC32_OUT
PC2.GPIOParameters=GPIO_Label
PC2.GPIO_Label=Vsensor2_Adc
PC2.Signal=ADCx_INP12
PC3.GPIOParameters=GPIO_Label
PC3.GPIO_Label=ADC_SPI_MOSI
PC3.Mode=Full_Duplex_Master
PC3.Signal=SPI2_MOSI
PC4.GPIOParameters=GPIO_Label
PC4.GPIO_Label=LED1
PC4.Locked=true
PC4.Signal=GPIO_Output
PC5.GPIOParameters=GPIO_Label
PC5.GPIO_Label=LED2
PC5.Locked=true
PC5.Signal=GPIO_Output
PC6.GPIOParameters=GPIO_Label
PC6.GPIO_Label=LED3
PC6.Locked=true
PC6.Signal=GPIO_Output
PC7.GPIOParameters=GPIO_Label
PC7.GPIO_Label=LED4
PC7.Locked=true
PC7.Signal=GPIO_Output
PC8.GPIOParameters=GPIO_Label
PC8.GPIO_Label=LED5
PC8.Locked=true
PC8.Signal=GPIO_Output
PC9.GPIOParameters=GPIO_Label
PC9.GPIO_Label=LED6
PC9.Locked=true
PC9.Signal=GPIO_Output
PD0.Locked=true
PD0.Signal=FMC_D2_DA2
PD1.Locked=true
PD1.Signal=FMC_D3_DA3
PD10.Locked=true
PD10.Signal=FMC_D15_DA15
PD11.Signal=FMC_A16_CLE
PD14.Locked=true
PD14.Signal=FMC_D0_DA0
PD15.Locked=true
PD15.Signal=FMC_D1_DA1
PD2.GPIOParameters=GPIO_Label
PD2.GPIO_Label=DI_2
PD2.Locked=true
PD2.Signal=GPIO_Input
PD3.GPIOParameters=GPIO_Label
PD3.GPIO_Label=DI_1
PD3.Locked=true
PD3.Signal=GPIO_Input
PD4.GPIOParameters=GPIO_Label
PD4.GPIO_Label=USART2_DIR
PD4.Locked=true
PD4.Signal=GPIO_Output
PD5.Locked=true
PD5.Mode=Asynchronous
PD5.Signal=USART2_TX
PD6.Locked=true
PD6.Mode=Asynchronous
PD6.Signal=USART2_RX
PD7.Locked=true
PD7.Mode=NorPsramChipSelect1_1
PD7.Signal=FMC_NE1
PD8.Locked=true
PD8.Signal=FMC_D13_DA13
PD9.Locked=true
PD9.Signal=FMC_D14_DA14
PE0.GPIOParameters=GPIO_Label
PE0.GPIO_Label=LED7
PE0.Locked=true
PE0.Signal=GPIO_Output
PE10.Locked=true
PE10.Signal=FMC_D7_DA7
PE11.Locked=true
PE11.Signal=FMC_D8_DA8
PE12.Locked=true
PE12.Signal=FMC_D9_DA9
PE13.Locked=true
PE13.Signal=FMC_D10_DA10
PE14.Locked=true
PE14.Signal=FMC_D11_DA11
PE15.Locked=true
PE15.Signal=FMC_D12_DA12
PE2.Locked=true
PE2.Mode=Asynchronous
PE2.Signal=USART10_RX
PE3.Locked=true
PE3.Mode=Asynchronous
PE3.Signal=USART10_TX
PE4.GPIOParameters=GPIO_Label
PE4.GPIO_Label=SELECT_0
PE4.Locked=true
PE4.Signal=GPIO_Output
PE5.GPIOParameters=GPIO_Label
PE5.GPIO_Label=SELECT_1
PE5.Locked=true
PE5.Signal=GPIO_Output
PE6.GPIOParameters=GPIO_Label
PE6.GPIO_Label=SELECT_2
PE6.Locked=true
PE6.Signal=GPIO_Output
PE7.Locked=true
PE7.Signal=FMC_D4_DA4
PE8.Locked=true
PE8.Signal=FMC_D5_DA5
PE9.Locked=true
PE9.Signal=FMC_D6_DA6
PH0-OSC_IN(PH0).Locked=true
PH0-OSC_IN(PH0).Mode=HSE-External-Oscillator
PH0-OSC_IN(PH0).Signal=RCC_OSC_IN
PH1-OSC_OUT(PH1).Locked=true
PH1-OSC_OUT(PH1).Mode=HSE-External-Oscillator
PH1-OSC_OUT(PH1).Signal=RCC_OSC_OUT
PinOutPanel.RotationAngle=0
ProjectManager.AskForMigrate=true
ProjectManager.BackupPrevious=false
ProjectManager.CompilerOptimize=6
ProjectManager.ComputerToolchain=false
ProjectManager.CoupleFile=true
ProjectManager.CustomerFirmwarePackage=
ProjectManager.DefaultFWLocation=true
ProjectManager.DeletePrevious=true
ProjectManager.DeviceId=STM32H562VITx
ProjectManager.FirmwarePackage=STM32Cube FW_H5 V1.2.0
ProjectManager.FreePins=false
ProjectManager.HalAssertFull=false
ProjectManager.HeapSize=0x200
ProjectManager.KeepUserCode=true
ProjectManager.LastFirmware=true
ProjectManager.LibraryCopy=1
ProjectManager.MainLocation=Core/Src
ProjectManager.NoMain=false
ProjectManager.PreviousToolchain=
ProjectManager.ProjectBuild=false
ProjectManager.ProjectFileName=Leakwise_Taslak001.ioc
ProjectManager.ProjectName=Leakwise_Taslak001
ProjectManager.ProjectStructure=
ProjectManager.RegisterCallBack=
ProjectManager.StackSize=0x400
ProjectManager.TargetToolchain=STM32CubeIDE
ProjectManager.ToolChainLocation=
ProjectManager.UAScriptAfterPath=
ProjectManager.UAScriptBeforePath=
ProjectManager.UnderRoot=true
ProjectManager.functionlistsort=1-SystemClock_Config-RCC-false-HAL-false,2-MX_GPIO_Init-GPIO-false-HAL-true,3-MX_GPDMA1_Init-GPDMA1-false-HAL-true,4-MX_GPDMA2_Init-GPDMA2-false-HAL-true,5-MX_ICACHE_Init-ICACHE-false-HAL-true,6-MX_USB_PCD_Init-USB-false-HAL-true,7-MX_FDCAN1_Init-FDCAN1-false-HAL-true,8-MX_TIM1_Init-TIM1-false-HAL-true,9-MX_TIM4_Init-TIM4-false-HAL-true,10-MX_USART2_UART_Init-USART2-false-HAL-true,11-MX_TIM2_Init-TIM2-false-HAL-true,12-MX_USART10_UART_Init-USART10-false-HAL-true,13-MX_SPI1_Init-SPI1-false-HAL-true,14-MX_CRC_Init-CRC-false-HAL-true,15-MX_FMC_Init-FMC-false-HAL-true,16-MX_TIM3_Init-TIM3-false-HAL-true,17-MX_CORDIC_Init-CORDIC-false-HAL-true,18-MX_ADC1_Init-ADC1-false-HAL-true,19-MX_SPI2_Init-SPI2-false-HAL-true,20-MX_SPI3_Init-SPI3-false-HAL-true,21-MX_SPI6_Init-SPI6-false-HAL-true,24-MX_TouchGFX_Init-STMicroelectronics.X-CUBE-TOUCHGFX.4.22.1-true-HAL-false,25-MX_TouchGFX_Process-STMicroelectronics.X-CUBE-TOUCHGFX.4.22.1-true-HAL-false,0-MX_CORTEX_M33_NS_Init-CORTEX_M33_NS-false-HAL-true,0-MX_PWR_Init-PWR-false-HAL-true
RCC.ADCCLockSelection=RCC_ADCDACCLKSOURCE_PLL2R
RCC.ADCFreq_Value=75000000
RCC.AHBFreq_Value=250000000
RCC.APB1Freq_Value=250000000
RCC.APB1TimFreq_Value=250000000
RCC.APB2Freq_Value=250000000
RCC.APB2TimFreq_Value=250000000
RCC.APB3Freq_Value=250000000
RCC.CECFreq_Value=32000
RCC.CKPERFreq_Value=32000000
RCC.CRSFreq_Value=48000000
RCC.CSI_VALUE=4000000
RCC.CortexFreq_Value=250000000
RCC.DACFreq_Value=32000
RCC.DACLowPowerCLockSelection=RCC_DACLPCLKSOURCE_LSI
RCC.EPOD_VALUE=16000000
RCC.FCLKCortexFreq_Value=250000000
RCC.FDCANFreq_Value=16000000
RCC.FamilyName=M
RCC.HCLKFreq_Value=250000000
RCC.HSE_VALUE=16000000
RCC.HSI48_VALUE=48000000
RCC.HSI_VALUE=64000000
RCC.I2C1Freq_Value=250000000
RCC.I2C2Freq_Value=250000000
RCC.I2C3Freq_Value=250000000
RCC.I2C4Freq_Value=250000000
RCC.I3C1Freq_Value=250000000
RCC.IPParameters=ADCCLockSelection,ADCFreq_Value,AHBFreq_Value,APB1Freq_Value,APB1TimFreq_Value,APB2Freq_Value,APB2TimFreq_Value,APB3Freq_Value,CECFreq_Value,CKPERFreq_Value,CRSFreq_Value,CSI_VALUE,CortexFreq_Value,DACFreq_Value,DACLowPowerCLockSelection,EPOD_VALUE,FCLKCortexFreq_Value,FDCANFreq_Value,FamilyName,HCLKFreq_Value,HSE_VALUE,HSI48_VALUE,HSI_VALUE,I2C1Freq_Value,I2C2Freq_Value,I2C3Freq_Value,I2C4Freq_Value,I3C1Freq_Value,LPTIM1Freq_Value,LPTIM2Freq_Value,LPTIM3Freq_Value,LPTIM4Freq_Value,LPTIM5Freq_Value,LPTIM6Freq_Value,LPUART1Freq_Value,LSCOPinFreq_Value,LSIRC_VALUE,MCO1PinFreq_Value,MCO2PinFreq_Value,OCTOSPIMFreq_Value,PLL2FRACN,PLL2N,PLL2PoutputFreq_Value,PLL2QoutputFreq_Value,PLL2RoutputFreq_Value,PLL2Source,PLL3PoutputFreq_Value,PLL3QoutputFreq_Value,PLL3RoutputFreq_Value,PLLFRACN,PLLN,PLLPoutputFreq_Value,PLLQoutputFreq_Value,PLLSourceVirtual,PWRFreq_Value,RNGFreq_Value,SAI1Freq_Value,SAI2Freq_Value,SDMMC1Freq_Value,SPI1Freq_Value,SPI2Freq_Value,SPI3Freq_Value,SPI4Freq_Value,SPI6Freq_Value,SYSCLKFreq_VALUE,SYSCLKSource,UART12Freq_Value,UART4Freq_Value,UART5Freq_Value,UART7Freq_Value,UART8Freq_Value,UART9Freq_Value,UCPD1outputFreq_Value,USART10Freq_Value,USART11Freq_Value,USART1Freq_Value,USART2Freq_Value,USART3Freq_Value,USART6Freq_Value,USBFreq_Value,VCOInput2Freq_Value,VCOInput3Freq_Value,VCOInputFreq_Value,VCOOutputFreq_Value,VCOPLL2OutputFreq_Value,VCOPLL3OutputFreq_Value
RCC.LPTIM1Freq_Value=250000000
RCC.LPTIM2Freq_Value=250000000
RCC.LPTIM3Freq_Value=250000000
RCC.LPTIM4Freq_Value=250000000
RCC.LPTIM5Freq_Value=250000000
RCC.LPTIM6Freq_Value=250000000
RCC.LPUART1Freq_Value=250000000
RCC.LSCOPinFreq_Value=32000
RCC.LSIRC_VALUE=32000
RCC.MCO1PinFreq_Value=32000000
RCC.MCO2PinFreq_Value=250000000
RCC.OCTOSPIMFreq_Value=250000000
RCC.PLL2FRACN=3072
RCC.PLL2N=9
RCC.PLL2PoutputFreq_Value=75000000
RCC.PLL2QoutputFreq_Value=75000000
RCC.PLL2RoutputFreq_Value=75000000
RCC.PLL2Source=RCC_PLL2_SOURCE_HSE
RCC.PLL3PoutputFreq_Value=258000000
RCC.PLL3QoutputFreq_Value=258000000
RCC.PLL3RoutputFreq_Value=258000000
RCC.PLLFRACN=2048
RCC.PLLN=31
RCC.PLLPoutputFreq_Value=250000000
RCC.PLLQoutputFreq_Value=250000000
RCC.PLLSourceVirtual=RCC_PLL1_SOURCE_HSE
RCC.PWRFreq_Value=250000000
RCC.RNGFreq_Value=48000000
RCC.SAI1Freq_Value=75000000
RCC.SAI2Freq_Value=75000000
RCC.SDMMC1Freq_Value=250000000
RCC.SPI1Freq_Value=250000000
RCC.SPI2Freq_Value=250000000
RCC.SPI3Freq_Value=250000000
RCC.SPI4Freq_Value=250000000
RCC.SPI6Freq_Value=250000000
RCC.SYSCLKFreq_VALUE=250000000
RCC.SYSCLKSource=RCC_SYSCLKSOURCE_PLLCLK
RCC.UART12Freq_Value=250000000
RCC.UART4Freq_Value=250000000
RCC.UART5Freq_Value=250000000
RCC.UART7Freq_Value=250000000
RCC.UART8Freq_Value=250000000
RCC.UART9Freq_Value=250000000
RCC.UCPD1outputFreq_Value=8000000
RCC.USART10Freq_Value=250000000
RCC.USART11Freq_Value=250000000
RCC.USART1Freq_Value=250000000
RCC.USART2Freq_Value=250000000
RCC.USART3Freq_Value=250000000
RCC.USART6Freq_Value=250000000
RCC.USBFreq_Value=48000000
RCC.VCOInput2Freq_Value=16000000
RCC.VCOInput3Freq_Value=4000000
RCC.VCOInputFreq_Value=16000000
RCC.VCOOutputFreq_Value=500000000
RCC.VCOPLL2OutputFreq_Value=150000000
RCC.VCOPLL3OutputFreq_Value=516000000
SH.ADCx_INP1.0=ADC1_INP1,IN1-Single-Ended
SH.ADCx_INP1.ConfNb=1
SH.ADCx_INP10.0=ADC1_INP10,IN10-Single-Ended
SH.ADCx_INP10.ConfNb=1
SH.ADCx_INP11.0=ADC1_INP11,IN11-Single-Ended
SH.ADCx_INP11.ConfNb=1
SH.ADCx_INP12.0=ADC1_INP12,IN12-Single-Ended
SH.ADCx_INP12.ConfNb=1
SH.FMC_A16_CLE.0=FMC_A16,A16_1
SH.FMC_A16_CLE.ConfNb=1
SH.FMC_D0_DA0.0=FMC_D0,16b-d1
SH.FMC_D0_DA0.ConfNb=1
SH.FMC_D10_DA10.0=FMC_D10,16b-d1
SH.FMC_D10_DA10.ConfNb=1
SH.FMC_D11_DA11.0=FMC_D11,16b-d1
SH.FMC_D11_DA11.ConfNb=1
SH.FMC_D12_DA12.0=FMC_D12,16b-d1
SH.FMC_D12_DA12.ConfNb=1
SH.FMC_D13_DA13.0=FMC_D13,16b-d1
SH.FMC_D13_DA13.ConfNb=1
SH.FMC_D14_DA14.0=FMC_D14,16b-d1
SH.FMC_D14_DA14.ConfNb=1
SH.FMC_D15_DA15.0=FMC_D15,16b-d1
SH.FMC_D15_DA15.ConfNb=1
SH.FMC_D1_DA1.0=FMC_D1,16b-d1
SH.FMC_D1_DA1.ConfNb=1
SH.FMC_D2_DA2.0=FMC_D2,16b-d1
SH.FMC_D2_DA2.ConfNb=1
SH.FMC_D3_DA3.0=FMC_D3,16b-d1
SH.FMC_D3_DA3.ConfNb=1
SH.FMC_D4_DA4.0=FMC_D4,16b-d1
SH.FMC_D4_DA4.ConfNb=1
SH.FMC_D5_DA5.0=FMC_D5,16b-d1
SH.FMC_D5_DA5.ConfNb=1
SH.FMC_D6_DA6.0=FMC_D6,16b-d1
SH.FMC_D6_DA6.ConfNb=1
SH.FMC_D7_DA7.0=FMC_D7,16b-d1
SH.FMC_D7_DA7.ConfNb=1
SH.FMC_D8_DA8.0=FMC_D8,16b-d1
SH.FMC_D8_DA8.ConfNb=1
SH.FMC_D9_DA9.0=FMC_D9,16b-d1
SH.FMC_D9_DA9.ConfNb=1
SH.FMC_NOE.0=FMC_NOE,Lcd1
SH.FMC_NOE.ConfNb=1
SH.FMC_NWE.0=FMC_NWE,Lcd1
SH.FMC_NWE.ConfNb=1
SH.S_TIM1_CH3.0=TIM1_CH3,Output Compare3 CH3
SH.S_TIM1_CH3.ConfNb=1
SH.S_TIM2_CH3.0=TIM2_CH3,PWM Generation3 CH3
SH.S_TIM2_CH3.ConfNb=1
SPI1.BaudRatePrescaler=SPI_BAUDRATEPRESCALER_32
SPI1.CalculateBaudRate=7.8125 MBits/s
SPI1.DataSize=SPI_DATASIZE_8BIT
SPI1.Direction=SPI_DIRECTION_2LINES
SPI1.FifoThreshold=SPI_FIFO_THRESHOLD_01DATA
SPI1.IPParameters=VirtualType,Mode,Direction,CalculateBaudRate,DataSize,BaudRatePrescaler,FifoThreshold
SPI1.Mode=SPI_MODE_MASTER
SPI1.VirtualType=VM_MASTER
SPI2.BaudRatePrescaler=SPI_BAUDRATEPRESCALER_32
SPI2.CalculateBaudRate=7.8125 MBits/s
SPI2.DataSize=SPI_DATASIZE_8BIT
SPI2.Direction=SPI_DIRECTION_2LINES
SPI2.IPParameters=VirtualType,Mode,Direction,CalculateBaudRate,DataSize,BaudRatePrescaler
SPI2.Mode=SPI_MODE_MASTER
SPI2.VirtualType=VM_MASTER
SPI3.BaudRatePrescaler=SPI_BAUDRATEPRESCALER_32
SPI3.CalculateBaudRate=7.8125 MBits/s
SPI3.DataSize=SPI_DATASIZE_8BIT
SPI3.Direction=SPI_DIRECTION_2LINES
SPI3.IPParameters=VirtualType,Mode,Direction,CalculateBaudRate,DataSize,BaudRatePrescaler
SPI3.Mode=SPI_MODE_MASTER
SPI3.VirtualType=VM_MASTER
SPI6.CalculateBaudRate=125.0 MBits/s
SPI6.DataSize=SPI_DATASIZE_16BIT
SPI6.Direction=SPI_DIRECTION_1LINE
SPI6.IPParameters=VirtualType,Mode,Direction,CalculateBaudRate,DataSize
SPI6.Mode=SPI_MODE_MASTER
SPI6.VirtualType=VM_MASTER
STMicroelectronics.X-CUBE-FREERTOS.1.1.0.CMSISJjRTOS2_Checked=false
STMicroelectronics.X-CUBE-FREERTOS.1.1.0.IPParameters=configENABLE_FPU
STMicroelectronics.X-CUBE-FREERTOS.1.1.0.configENABLE_FPU=1
STMicroelectronics.X-CUBE-FREERTOS.1.1.0_SwParameter=RTOS2CcCMSISJjRTOS2JjHeap\:HeapIi1;RTOS2CcCMSISJjRTOS2JjCore\:TZIiNonIiSupported;
STMicroelectronics.X-CUBE-TOUCHGFX.4.22.1.ApplicationCcGraphicsJjApplication=TouchGFXOoGenerator
STMicroelectronics.X-CUBE-TOUCHGFX.4.22.1.GraphicsJjApplication_Checked=true
STMicroelectronics.X-CUBE-TOUCHGFX.4.22.1.IPParameters=tgfx_custom_width,tgfx_custom_height,tgfx_display_interface,tgfx_oswrapper,tgfx_hardware_accelerator,tgfx_buffering_strategy,tgfx_vector_rendering,tgfx_app_mem_pool_size,tgfx_app_stack_size,ApplicationCcGraphicsJjApplication
STMicroelectronics.X-CUBE-TOUCHGFX.4.22.1.tgfx_app_mem_pool_size=32768
STMicroelectronics.X-CUBE-TOUCHGFX.4.22.1.tgfx_app_stack_size=32640
STMicroelectronics.X-CUBE-TOUCHGFX.4.22.1.tgfx_buffering_strategy=Double
STMicroelectronics.X-CUBE-TOUCHGFX.4.22.1.tgfx_custom_height=240
STMicroelectronics.X-CUBE-TOUCHGFX.4.22.1.tgfx_custom_width=320
STMicroelectronics.X-CUBE-TOUCHGFX.4.22.1.tgfx_display_interface=disp_fmc
STMicroelectronics.X-CUBE-TOUCHGFX.4.22.1.tgfx_hardware_accelerator=dma_none
STMicroelectronics.X-CUBE-TOUCHGFX.4.22.1.tgfx_oswrapper=ThreadX
STMicroelectronics.X-CUBE-TOUCHGFX.4.22.1.tgfx_vector_rendering=Enabled
STMicroelectronics.X-CUBE-TOUCHGFX.4.22.1_IsPackSelfContextualization=true
STMicroelectronics.X-CUBE-TOUCHGFX.4.22.1_SwParameter=ApplicationCcGraphicsJjApplication\:TouchGFXOoGenerator;
THREADX.AZRTOS_APP_MEM_ALLOCATION_METHOD=1
THREADX.IPParameters=TX_APP_GENERATE_INIT_CODE,TX_APP_CREATION,TX_APP_THREAD_PRIO,AZRTOS_APP_MEM_ALLOCATION_METHOD,TX_TIMER_TICKS_PER_SECOND,TX_APP_MEM_POOL_SIZE
THREADX.TX_APP_CREATION=1
THREADX.TX_APP_GENERATE_INIT_CODE=true
THREADX.TX_APP_MEM_POOL_SIZE=65536
THREADX.TX_APP_THREAD_PRIO=9
THREADX.TX_TIMER_TICKS_PER_SECOND=1000
TIM1.Channel-Output\ Compare3\ CH3=TIM_CHANNEL_3
TIM1.IPParameters=Channel-Output Compare3 CH3,PulseNoDither_3
TIM1.PulseNoDither_3=500
TIM2.Channel-PWM\ Generation3\ CH3=TIM_CHANNEL_3
TIM2.IPParameters=Channel-PWM Generation3 CH3,Prescaler,PeriodNoDither,PulseNoDither_3
TIM2.PeriodNoDither=25000
TIM2.Prescaler=0
TIM2.PulseNoDither_3=25000
TIM3.AutoReloadPreload=TIM_AUTORELOAD_PRELOAD_ENABLE
TIM3.IPParameters=PeriodNoDither,AutoReloadPreload,Prescaler
TIM3.PeriodNoDither=15259-1
TIM3.Prescaler=1-1
TIM4.AutoReloadPreload=TIM_AUTORELOAD_PRELOAD_ENABLE
TIM4.IPParameters=Prescaler,PeriodNoDither,TIM_MasterOutputTrigger,AutoReloadPreload
TIM4.PeriodNoDither=25000
TIM4.Prescaler=2
TIM4.TIM_MasterOutputTrigger=TIM_TRGO_UPDATE
USART10.IPParameters=VirtualMode
USART10.VirtualMode=VM_ASYNC
USART2.BaudRate=19200
USART2.IPParameters=VirtualMode,BaudRate,MSBFirstParam,OverSampling
USART2.MSBFirstParam=ADVFEATURE_MSBFIRST_DISABLE
USART2.OverSampling=UART_OVERSAMPLING_8
USART2.VirtualMode=VM_ASYNC
USB.IPParameters=VirtualMode
USB.VirtualMode=Device_Only
VP_BOOTPATH_VS_BOOTPATH.Mode=BP_Activate
VP_BOOTPATH_VS_BOOTPATH.Signal=BOOTPATH_VS_BOOTPATH
VP_CORDIC_VS_CORDIC.Mode=CORDIC_Activate
VP_CORDIC_VS_CORDIC.Signal=CORDIC_VS_CORDIC
VP_CORTEX_M33_NS_VS_Hclk.Mode=Hclk_Mode
VP_CORTEX_M33_NS_VS_Hclk.Signal=CORTEX_M33_NS_VS_Hclk
VP_CRC_VS_CRC.Mode=CRC_Activate
VP_CRC_VS_CRC.Signal=CRC_VS_CRC
VP_GPDMA1_VS_GPDMACH0.Mode=SIMPLEREQUEST_GPDMACH0
VP_GPDMA1_VS_GPDMACH0.Signal=GPDMA1_VS_GPDMACH0
VP_GPDMA1_VS_GPDMACH1.Mode=SIMPLEREQUEST_GPDMACH1
VP_GPDMA1_VS_GPDMACH1.Signal=GPDMA1_VS_GPDMACH1
VP_GPDMA1_VS_GPDMACH3.Mode=SIMPLEREQUEST_GPDMACH3
VP_GPDMA1_VS_GPDMACH3.Signal=GPDMA1_VS_GPDMACH3
VP_GPDMA1_VS_GPDMACH4.Mode=SIMPLEREQUEST_GPDMACH4
VP_GPDMA1_VS_GPDMACH4.Signal=GPDMA1_VS_GPDMACH4
VP_GPDMA1_VS_GPDMACH5.Mode=SIMPLEREQUEST_GPDMACH5
VP_GPDMA1_VS_GPDMACH5.Signal=GPDMA1_VS_GPDMACH5
VP_GPDMA2_VS_GPDMACH6.Mode=LINKEDLIST_GPDMACH6
VP_GPDMA2_VS_GPDMACH6.Signal=GPDMA2_VS_GPDMACH6
VP_ICACHE_VS_ICACHE.Mode=DirectMappedCache
VP_ICACHE_VS_ICACHE.Signal=ICACHE_VS_ICACHE
VP_MEMORYMAP_VS_MEMORYMAP.Mode=CurAppReg
VP_MEMORYMAP_VS_MEMORYMAP.Signal=MEMORYMAP_VS_MEMORYMAP
VP_PWR_VS_DBSignals.Mode=DisableDeadBatterySignals
VP_PWR_VS_DBSignals.Signal=PWR_VS_DBSignals
VP_PWR_VS_LPOM.Mode=PowerOptimisation
VP_PWR_VS_LPOM.Signal=PWR_VS_LPOM
VP_PWR_VS_SECSignals.Mode=Security/Privilege
VP_PWR_VS_SECSignals.Signal=PWR_VS_SECSignals
VP_RCC_USB.Mode=CRS SYNC Source USB
VP_RCC_USB.Signal=RCC_USB
VP_STMicroelectronics.X-CUBE-TOUCHGFX_VS_GraphicsJjApplication_4.22.1.Mode=GraphicsJjApplication
VP_STMicroelectronics.X-CUBE-TOUCHGFX_VS_GraphicsJjApplication_4.22.1.Signal=STMicroelectronics.X-CUBE-TOUCHGFX_VS_GraphicsJjApplication_4.22.1
VP_SYS_VS_tim6.Mode=TIM6
VP_SYS_VS_tim6.Signal=SYS_VS_tim6
VP_THREADX_VS_RTOSJjThreadXJjCoreJjDefault.Mode=Core_Default
VP_THREADX_VS_RTOSJjThreadXJjCoreJjDefault.Signal=THREADX_VS_RTOSJjThreadXJjCoreJjDefault
VP_TIM3_VS_ClockSourceINT.Mode=Internal
VP_TIM3_VS_ClockSourceINT.Signal=TIM3_VS_ClockSourceINT
VP_TIM4_VS_ClockSourceINT.Mode=Internal
VP_TIM4_VS_ClockSourceINT.Signal=TIM4_VS_ClockSourceINT
board=custom
isbadioc=false
